
Microsoft Visual Studio Solution File, Format Version 12.00
# Visual Studio Version 17
VisualStudioVersion = 17.5.002.0
MinimumVisualStudioVersion = 10.0.40219.1
Project("{9A19103F-16F7-4668-BE54-9A1E7A4F7556}") = "Atividade", "Atividade\Atividade.csproj", "{47355841-B3AA-4B17-A07B-9D110BC54208}"
EndProject
Global
	GlobalSection(SolutionConfigurationPlatforms) = preSolution
		Debug|Any CPU = Debug|Any CPU
		Release|Any CPU = Release|Any CPU
	EndGlobalSection
	GlobalSection(ProjectConfigurationPlatforms) = postSolution
		{47355841-B3AA-4B17-A07B-9D110BC54208}.Debug|Any CPU.ActiveCfg = Debug|Any CPU
		{47355841-B3AA-4B17-A07B-9D110BC54208}.Debug|Any CPU.Build.0 = Debug|Any CPU
		{47355841-B3AA-4B17-A07B-9D110BC54208}.Release|Any CPU.ActiveCfg = Release|Any CPU
		{47355841-B3AA-4B17-A07B-9D110BC54208}.Release|Any CPU.Build.0 = Release|Any CPU
	EndGlobalSection
	GlobalSection(SolutionProperties) = preSolution
		HideSolutionNode = FALSE
	EndGlobalSection
	GlobalSection(ExtensibilityGlobals) = postSolution
		SolutionGuid = {4DF064EF-4BF4-4131-A2D6-DF0D2675F2A0}
	EndGlobalSection
EndGlobal
